PODS:
  - Flutter (1.0.0)
  - google_places_picker (0.0.3):
    - Flutter
    - GooglePlacePicker
    - GooglePlaces
  - GoogleMaps (3.0.2):
    - GoogleMaps/Maps (= 3.0.2)
  - GoogleMaps/Base (3.0.2)
  - GoogleMaps/Maps (3.0.2):
    - GoogleMaps/Base
  - GooglePlacePicker (3.0.2):
    - GoogleMaps (= 3.0.2)
    - GooglePlaces (= 3.0.2)
  - GooglePlaces (3.0.2):
    - GoogleMaps/Base (= 3.0.2)

DEPENDENCIES:
  - Flutter (from `.symlinks/flutter/ios`)
  - google_places_picker (from `.symlinks/plugins/google_places_picker/ios`)

SPEC REPOS:
  https://github.com/cocoapods/specs.git:
    - GoogleMaps
    - GooglePlacePicker
    - GooglePlaces

EXTERNAL SOURCES:
  Flutter:
    :path: ".symlinks/flutter/ios"
  google_places_picker:
    :path: ".symlinks/plugins/google_places_picker/ios"

SPEC CHECKSUMS:
  Flutter: 58dd7d1b27887414a370fcccb9e645c08ffd7a6a
  google_places_picker: 5cd3857e490afa090f3da3ba9bede48c5b8df06b
  GoogleMaps: 941cd655e009b4d8e42df19a3d749bc3fccec973
  GooglePlacePicker: 00a74c32477edc8e01a99cf49a6bd4e64767a2b1
  GooglePlaces: c086e0055dc5f0177d7c9d65fc77a1734f9a4825

PODFILE CHECKSUM: 1e5af4103afd21ca5ead147d7b81d06f494f51a2

COCOAPODS: 1.6.0
