PODS:
  - Flutter (1.0.0)
  - google_places_picker (0.0.3):
    - Flutter
    - GooglePlaces
  - GooglePlaces (5.1.0)

DEPENDENCIES:
  - Flutter (from `Flutter`)
  - google_places_picker (from `.symlinks/plugins/google_places_picker/ios`)

SPEC REPOS:
  trunk:
    - GooglePlaces

EXTERNAL SOURCES:
  Flutter:
    :path: Flutter
  google_places_picker:
    :path: ".symlinks/plugins/google_places_picker/ios"

SPEC CHECKSUMS:
  Flutter: f04841e97a9d0b0a8025694d0796dd46242b2854
  google_places_picker: 2c1adabbc286fc34f872de2ba721f52012b9908c
  GooglePlaces: c57cd5aa7e91d10fa5106c792de74f3bd6436260

PODFILE CHECKSUM: e5ee00144d04e7b168ba7ea28a9753540e444f3d

COCOAPODS: 1.11.3
